
Microsoft Visual Studio Solution File, Format Version 12.00
# Visual Studio Version 16
VisualStudioVersion = 16.0.30413.136
MinimumVisualStudioVersion = 10.0.40219.1
Project("{FAE04EC0-301F-11D3-BF4B-00C04F79EFBC}") = "weekly chalange 3", "weekly chalange 3\weekly chalange 3.csproj", "{04F91297-4CD0-4170-AA54-2886F02C5861}"
EndProject
Global
	GlobalSection(SolutionConfigurationPlatforms) = preSolution
		Debug|Any CPU = Debug|Any CPU
		Release|Any CPU = Release|Any CPU
	EndGlobalSection
	GlobalSection(ProjectConfigurationPlatforms) = postSolution
		{04F91297-4CD0-4170-AA54-2886F02C5861}.Debug|Any CPU.ActiveCfg = Debug|Any CPU
		{04F91297-4CD0-4170-AA54-2886F02C5861}.Debug|Any CPU.Build.0 = Debug|Any CPU
		{04F91297-4CD0-4170-AA54-2886F02C5861}.Release|Any CPU.ActiveCfg = Release|Any CPU
		{04F91297-4CD0-4170-AA54-2886F02C5861}.Release|Any CPU.Build.0 = Release|Any CPU
	EndGlobalSection
	GlobalSection(SolutionProperties) = preSolution
		HideSolutionNode = FALSE
	EndGlobalSection
	GlobalSection(ExtensibilityGlobals) = postSolution
		SolutionGuid = {B6875EC6-BFA2-488B-B301-9C38FA242416}
	EndGlobalSection
EndGlobal
