
Microsoft Visual Studio Solution File, Format Version 12.00
# Visual Studio Version 16
VisualStudioVersion = 16.0.30413.136
MinimumVisualStudioVersion = 10.0.40219.1
Project("{FAE04EC0-301F-11D3-BF4B-00C04F79EFBC}") = "console stuff w2", "console stuff w2\console stuff w2.csproj", "{45AFE0D6-4BAA-482C-8BBA-5AF408E44F32}"
EndProject
Global
	GlobalSection(SolutionConfigurationPlatforms) = preSolution
		Debug|Any CPU = Debug|Any CPU
		Release|Any CPU = Release|Any CPU
	EndGlobalSection
	GlobalSection(ProjectConfigurationPlatforms) = postSolution
		{45AFE0D6-4BAA-482C-8BBA-5AF408E44F32}.Debug|Any CPU.ActiveCfg = Debug|Any CPU
		{45AFE0D6-4BAA-482C-8BBA-5AF408E44F32}.Debug|Any CPU.Build.0 = Debug|Any CPU
		{45AFE0D6-4BAA-482C-8BBA-5AF408E44F32}.Release|Any CPU.ActiveCfg = Release|Any CPU
		{45AFE0D6-4BAA-482C-8BBA-5AF408E44F32}.Release|Any CPU.Build.0 = Release|Any CPU
	EndGlobalSection
	GlobalSection(SolutionProperties) = preSolution
		HideSolutionNode = FALSE
	EndGlobalSection
	GlobalSection(ExtensibilityGlobals) = postSolution
		SolutionGuid = {4E3D5EBB-B096-4417-B0D2-79BDA93DE22F}
	EndGlobalSection
EndGlobal
